
Microsoft Visual Studio Solution File, Format Version 12.00
# Visual Studio Version 16
VisualStudioVersion = 16.0.31613.86
MinimumVisualStudioVersion = 10.0.40219.1
Project("{8BC9CEB8-8B4A-11D0-8D11-00A0C91BC942}") = "Algorithm", "Algorithm\Algorithm.vcxproj", "{41B97C72-BBDF-49CE-963B-DCB3ABF0BCD6}"
EndProject
Project("{8BC9CEB8-8B4A-11D0-8D11-00A0C91BC942}") = "Maze", "Maze\Maze.vcxproj", "{CC859B99-3716-4ECE-9831-1A8D8C9BED3D}"
EndProject
Global
	GlobalSection(SolutionConfigurationPlatforms) = preSolution
		Debug|x64 = Debug|x64
		Debug|x86 = Debug|x86
		Release|x64 = Release|x64
		Release|x86 = Release|x86
	EndGlobalSection
	GlobalSection(ProjectConfigurationPlatforms) = postSolution
		{41B97C72-BBDF-49CE-963B-DCB3ABF0BCD6}.Debug|x64.ActiveCfg = Debug|x64
		{41B97C72-BBDF-49CE-963B-DCB3ABF0BCD6}.Debug|x64.Build.0 = Debug|x64
		{41B97C72-BBDF-49CE-963B-DCB3ABF0BCD6}.Debug|x86.ActiveCfg = Debug|Win32
		{41B97C72-BBDF-49CE-963B-DCB3ABF0BCD6}.Debug|x86.Build.0 = Debug|Win32
		{41B97C72-BBDF-49CE-963B-DCB3ABF0BCD6}.Release|x64.ActiveCfg = Release|x64
		{41B97C72-BBDF-49CE-963B-DCB3ABF0BCD6}.Release|x64.Build.0 = Release|x64
		{41B97C72-BBDF-49CE-963B-DCB3ABF0BCD6}.Release|x86.ActiveCfg = Release|Win32
		{41B97C72-BBDF-49CE-963B-DCB3ABF0BCD6}.Release|x86.Build.0 = Release|Win32
		{CC859B99-3716-4ECE-9831-1A8D8C9BED3D}.Debug|x64.ActiveCfg = Debug|x64
		{CC859B99-3716-4ECE-9831-1A8D8C9BED3D}.Debug|x64.Build.0 = Debug|x64
		{CC859B99-3716-4ECE-9831-1A8D8C9BED3D}.Debug|x86.ActiveCfg = Debug|Win32
		{CC859B99-3716-4ECE-9831-1A8D8C9BED3D}.Debug|x86.Build.0 = Debug|Win32
		{CC859B99-3716-4ECE-9831-1A8D8C9BED3D}.Release|x64.ActiveCfg = Release|x64
		{CC859B99-3716-4ECE-9831-1A8D8C9BED3D}.Release|x64.Build.0 = Release|x64
		{CC859B99-3716-4ECE-9831-1A8D8C9BED3D}.Release|x86.ActiveCfg = Release|Win32
		{CC859B99-3716-4ECE-9831-1A8D8C9BED3D}.Release|x86.Build.0 = Release|Win32
	EndGlobalSection
	GlobalSection(SolutionProperties) = preSolution
		HideSolutionNode = FALSE
	EndGlobalSection
	GlobalSection(ExtensibilityGlobals) = postSolution
		SolutionGuid = {2D1A0B8D-1750-4167-A103-81197D28692C}
	EndGlobalSection
EndGlobal
